
Microsoft Visual Studio Solution File, Format Version 12.00
# Visual Studio Version 17
VisualStudioVersion = 17.6.33829.357
MinimumVisualStudioVersion = 10.0.40219.1
Project("{FAE04EC0-301F-11D3-BF4B-00C04F79EFBC}") = "Mechera.Sec.Data", "Mechera.Sec.Data\Mechera.Sec.Data.csproj", "{079CAA1F-A785-4D8A-A71D-05E8F98FDAC5}"
EndProject
Project("{FAE04EC0-301F-11D3-BF4B-00C04F79EFBC}") = "Mechera.Sec.Authorization", "Mechera.Sec.Authorization\Mechera.Sec.Authorization.csproj", "{3C8A0037-50CB-4A46-93F0-3CC27F64D072}"
EndProject
Global
	GlobalSection(SolutionConfigurationPlatforms) = preSolution
		Debug|Any CPU = Debug|Any CPU
		Release|Any CPU = Release|Any CPU
	EndGlobalSection
	GlobalSection(ProjectConfigurationPlatforms) = postSolution
		{079CAA1F-A785-4D8A-A71D-05E8F98FDAC5}.Debug|Any CPU.ActiveCfg = Debug|Any CPU
		{079CAA1F-A785-4D8A-A71D-05E8F98FDAC5}.Debug|Any CPU.Build.0 = Debug|Any CPU
		{079CAA1F-A785-4D8A-A71D-05E8F98FDAC5}.Release|Any CPU.ActiveCfg = Release|Any CPU
		{079CAA1F-A785-4D8A-A71D-05E8F98FDAC5}.Release|Any CPU.Build.0 = Release|Any CPU
		{3C8A0037-50CB-4A46-93F0-3CC27F64D072}.Debug|Any CPU.ActiveCfg = Debug|Any CPU
		{3C8A0037-50CB-4A46-93F0-3CC27F64D072}.Debug|Any CPU.Build.0 = Debug|Any CPU
		{3C8A0037-50CB-4A46-93F0-3CC27F64D072}.Release|Any CPU.ActiveCfg = Release|Any CPU
		{3C8A0037-50CB-4A46-93F0-3CC27F64D072}.Release|Any CPU.Build.0 = Release|Any CPU
	EndGlobalSection
	GlobalSection(SolutionProperties) = preSolution
		HideSolutionNode = FALSE
	EndGlobalSection
	GlobalSection(ExtensibilityGlobals) = postSolution
		SolutionGuid = {FE80CA08-7D58-46B7-BAE1-889AE2DEEEA4}
	EndGlobalSection
EndGlobal
